
Microsoft Visual Studio Solution File, Format Version 12.00
# Visual Studio Version 16
VisualStudioVersion = 16.0.30011.22
MinimumVisualStudioVersion = 10.0.40219.1
Project("{FAE04EC0-301F-11D3-BF4B-00C04F79EFBC}") = "Ex03.ConsoleUI", "Ex03.ConsoleUI\Ex03.ConsoleUI.csproj", "{2B57913F-BA1B-499C-880E-0C1020FE2F4B}"
EndProject
Project("{FAE04EC0-301F-11D3-BF4B-00C04F79EFBC}") = "Ex03.GarageLogic", "Ex03.GarageLogic\Ex03.GarageLogic.csproj", "{92725671-799B-4232-936B-35C894C65E05}"
EndProject
Global
	GlobalSection(SolutionConfigurationPlatforms) = preSolution
		Debug|Any CPU = Debug|Any CPU
		Release|Any CPU = Release|Any CPU
	EndGlobalSection
	GlobalSection(ProjectConfigurationPlatforms) = postSolution
		{2B57913F-BA1B-499C-880E-0C1020FE2F4B}.Debug|Any CPU.ActiveCfg = Debug|Any CPU
		{2B57913F-BA1B-499C-880E-0C1020FE2F4B}.Debug|Any CPU.Build.0 = Debug|Any CPU
		{2B57913F-BA1B-499C-880E-0C1020FE2F4B}.Release|Any CPU.ActiveCfg = Release|Any CPU
		{2B57913F-BA1B-499C-880E-0C1020FE2F4B}.Release|Any CPU.Build.0 = Release|Any CPU
		{92725671-799B-4232-936B-35C894C65E05}.Debug|Any CPU.ActiveCfg = Debug|Any CPU
		{92725671-799B-4232-936B-35C894C65E05}.Debug|Any CPU.Build.0 = Debug|Any CPU
		{92725671-799B-4232-936B-35C894C65E05}.Release|Any CPU.ActiveCfg = Release|Any CPU
		{92725671-799B-4232-936B-35C894C65E05}.Release|Any CPU.Build.0 = Release|Any CPU
	EndGlobalSection
	GlobalSection(SolutionProperties) = preSolution
		HideSolutionNode = FALSE
	EndGlobalSection
	GlobalSection(ExtensibilityGlobals) = postSolution
		SolutionGuid = {2DF96DBC-A9B8-4C59-A88E-CEFEF5F1D334}
	EndGlobalSection
EndGlobal
